
Microsoft Visual Studio Solution File, Format Version 12.00
# Visual Studio 15
VisualStudioVersion = 15.0.27130.2020
MinimumVisualStudioVersion = 10.0.40219.1
Project("{FAE04EC0-301F-11D3-BF4B-00C04F79EFBC}") = "TradeCategory", "TradeCategory\TradeCategory.csproj", "{2A811F2D-62A2-4B9F-96AE-BA3A326A8423}"
EndProject
Global
	GlobalSection(SolutionConfigurationPlatforms) = preSolution
		Debug|Any CPU = Debug|Any CPU
		Release|Any CPU = Release|Any CPU
	EndGlobalSection
	GlobalSection(ProjectConfigurationPlatforms) = postSolution
		{2A811F2D-62A2-4B9F-96AE-BA3A326A8423}.Debug|Any CPU.ActiveCfg = Debug|Any CPU
		{2A811F2D-62A2-4B9F-96AE-BA3A326A8423}.Debug|Any CPU.Build.0 = Debug|Any CPU
		{2A811F2D-62A2-4B9F-96AE-BA3A326A8423}.Release|Any CPU.ActiveCfg = Release|Any CPU
		{2A811F2D-62A2-4B9F-96AE-BA3A326A8423}.Release|Any CPU.Build.0 = Release|Any CPU
	EndGlobalSection
	GlobalSection(SolutionProperties) = preSolution
		HideSolutionNode = FALSE
	EndGlobalSection
	GlobalSection(ExtensibilityGlobals) = postSolution
		SolutionGuid = {A6C22DD0-7197-435F-A5A0-16AC41CDFFE8}
	EndGlobalSection
EndGlobal
